
Microsoft Visual Studio Solution File, Format Version 12.00
# Visual Studio Version 16
VisualStudioVersion = 16.0.29709.97
MinimumVisualStudioVersion = 10.0.40219.1
Project("{FAE04EC0-301F-11D3-BF4B-00C04F79EFBC}") = "CarSharingORMApp", "CarSharingORMApp\CarSharingORMApp.csproj", "{79F15B47-B14B-4AE4-9D9F-3FFF8600B79B}"
EndProject
Global
	GlobalSection(SolutionConfigurationPlatforms) = preSolution
		Debug|Any CPU = Debug|Any CPU
		Release|Any CPU = Release|Any CPU
	EndGlobalSection
	GlobalSection(ProjectConfigurationPlatforms) = postSolution
		{79F15B47-B14B-4AE4-9D9F-3FFF8600B79B}.Debug|Any CPU.ActiveCfg = Debug|Any CPU
		{79F15B47-B14B-4AE4-9D9F-3FFF8600B79B}.Debug|Any CPU.Build.0 = Debug|Any CPU
		{79F15B47-B14B-4AE4-9D9F-3FFF8600B79B}.Release|Any CPU.ActiveCfg = Release|Any CPU
		{79F15B47-B14B-4AE4-9D9F-3FFF8600B79B}.Release|Any CPU.Build.0 = Release|Any CPU
	EndGlobalSection
	GlobalSection(SolutionProperties) = preSolution
		HideSolutionNode = FALSE
	EndGlobalSection
	GlobalSection(ExtensibilityGlobals) = postSolution
		SolutionGuid = {0E7A6C92-13D8-4BCE-A7C6-2565C61AFF16}
	EndGlobalSection
EndGlobal
